
Microsoft Visual Studio Solution File, Format Version 12.00
# Visual Studio Version 17
VisualStudioVersion = 17.5.33414.496
MinimumVisualStudioVersion = 10.0.40219.1
Project("{FAE04EC0-301F-11D3-BF4B-00C04F79EFBC}") = "ChatGPTSlackBot", "ChatGPTSlackBot.csproj", "{CE876387-CD02-458D-B716-696BDBCE4DF2}"
EndProject
Global
	GlobalSection(SolutionConfigurationPlatforms) = preSolution
		Debug|Any CPU = Debug|Any CPU
		Release|Any CPU = Release|Any CPU
	EndGlobalSection
	GlobalSection(ProjectConfigurationPlatforms) = postSolution
		{CE876387-CD02-458D-B716-696BDBCE4DF2}.Debug|Any CPU.ActiveCfg = Debug|Any CPU
		{CE876387-CD02-458D-B716-696BDBCE4DF2}.Debug|Any CPU.Build.0 = Debug|Any CPU
		{CE876387-CD02-458D-B716-696BDBCE4DF2}.Release|Any CPU.ActiveCfg = Release|Any CPU
		{CE876387-CD02-458D-B716-696BDBCE4DF2}.Release|Any CPU.Build.0 = Release|Any CPU
	EndGlobalSection
	GlobalSection(SolutionProperties) = preSolution
		HideSolutionNode = FALSE
	EndGlobalSection
	GlobalSection(ExtensibilityGlobals) = postSolution
		SolutionGuid = {AF4A8004-933F-4550-8A19-AE3B954A284C}
	EndGlobalSection
EndGlobal
